{
  "nodes": {
    "naersk": {
      "info": {
        "lastModified": 1594027828,
        "narHash": "sha256-l2Uv7GmY+JNTkzGW+gDvT8AnRBRindwfhAA9ucfG20U="
      },
      "inputs": {
        "nixpkgs": "nixpkgs"
      },
      "locked": {
        "owner": "nmattia",
        "repo": "naersk",
        "rev": "d5a23213d561893cebdf0d251502430334673036",
        "type": "github"
      },
      "original": {
        "owner": "nmattia",
        "repo": "naersk",
        "type": "github"
      }
    },
    "nixpkgs": {
      "info": {
        "lastModified": 1594123140,
        "narHash": "sha256-hQKTbYy+occsWlX6nWdWXx1riC25wiUcEyikmEcdblo="
      },
      "locked": {
        "owner": "NixOS",
        "repo": "nixpkgs",
        "rev": "a1bc66a59681c4772eb41f5f78483add52e7dee1",
        "type": "github"
      },
      "original": {
        "id": "nixpkgs",
        "type": "indirect"
      }
    },
    "nixpkgs_2": {
      "info": {
        "lastModified": 1594123140,
        "narHash": "sha256-hQKTbYy+occsWlX6nWdWXx1riC25wiUcEyikmEcdblo="
      },
      "locked": {
        "owner": "NixOS",
        "repo": "nixpkgs",
        "rev": "a1bc66a59681c4772eb41f5f78483add52e7dee1",
        "type": "github"
      },
      "original": {
        "id": "nixpkgs",
        "type": "indirect"
      }
    },
    "root": {
      "inputs": {
        "naersk": "naersk",
        "nixpkgs": "nixpkgs_2"
      }
    }
  },
  "root": "root",
  "version": 5
}
